// !$*UTF8*$!
{
	archiveVersion = 1;
	classes = {
	};
	objectVersion = 46;
	objects = {

/* Begin PBXBuildFile section */
		8B0B5CD1190FA1C6007447AF /* Foundation.framework in Frameworks */ = {isa = PBXBuildFile; fileRef = 8B0B5CD0190FA1C6007447AF /* Foundation.framework */; };
		8B0B5CD3190FA1C6007447AF /* CoreGraphics.framework in Frameworks */ = {isa = PBXBuildFile; fileRef = 8B0B5CD2190FA1C6007447AF /* CoreGraphics.framework */; };
		8B0B5CD5190FA1C6007447AF /* UIKit.framework in Frameworks */ = {isa = PBXBuildFile; fileRef = 8B0B5CD4190FA1C6007447AF /* UIKit.framework */; };
		8B0B5CDB190FA1C6007447AF /* InfoPlist.strings in Resources */ = {isa = PBXBuildFile; fileRef = 8B0B5CD9190FA1C6007447AF /* InfoPlist.strings */; };
		8B0B5CDD190FA1C6007447AF /* main.m in Sources */ = {isa = PBXBuildFile; fileRef = 8B0B5CDC190FA1C6007447AF /* main.m */; };
		8B0B5CE1190FA1C6007447AF /* AppDelegate.m in Sources */ = {isa = PBXBuildFile; fileRef = 8B0B5CE0190FA1C6007447AF /* AppDelegate.m */; };
		8B0B5CE3190FA1C6007447AF /* Images.xcassets in Resources */ = {isa = PBXBuildFile; fileRef = 8B0B5CE2190FA1C6007447AF /* Images.xcassets */; };
		8B0B5CEA190FA1C6007447AF /* XCTest.framework in Frameworks */ = {isa = PBXBuildFile; fileRef = 8B0B5CE9190FA1C6007447AF /* XCTest.framework */; };
		8B0B5CEB190FA1C6007447AF /* Foundation.framework in Frameworks */ = {isa = PBXBuildFile; fileRef = 8B0B5CD0190FA1C6007447AF /* Foundation.framework */; };
		8B0B5CEC190FA1C6007447AF /* UIKit.framework in Frameworks */ = {isa = PBXBuildFile; fileRef = 8B0B5CD4190FA1C6007447AF /* UIKit.framework */; };
		8B0B5CF4190FA1C6007447AF /* InfoPlist.strings in Resources */ = {isa = PBXBuildFile; fileRef = 8B0B5CF2190FA1C6007447AF /* InfoPlist.strings */; };
		8B0B5CF6190FA1C6007447AF /* bbbTests.m in Sources */ = {isa = PBXBuildFile; fileRef = 8B0B5CF5190FA1C6007447AF /* bbbTests.m */; };
		8B0B5D06190FA24D007447AF /* xxxViewController.m in Sources */ = {isa = PBXBuildFile; fileRef = 8B0B5D05190FA24D007447AF /* xxxViewController.m */; };
		8B0B5D08190FA28A007447AF /* xxxViewController.xib in Resources */ = {isa = PBXBuildFile; fileRef = 8B0B5D07190FA28A007447AF /* xxxViewController.xib */; };
/* End PBXBuildFile section */

/* Begin PBXContainerItemProxy section */
		8B0B5CED190FA1C6007447AF /* PBXContainerItemProxy */ = {
			isa = PBXContainerItemProxy;
			containerPortal = 8B0B5CC5190FA1C6007447AF /* Project object */;
			proxyType = 1;
			remoteGlobalIDString = 8B0B5CCC190FA1C6007447AF;
			remoteInfo = bbb;
		};
/* End PBXContainerItemProxy section */

/* Begin PBXFileReference section */
		8B0B5CCD190FA1C6007447AF /* bbb.app */ = {isa = PBXFileReference; explicitFileType = wrapper.application; includeInIndex = 0; path = bbb.app; sourceTree = BUILT_PRODUCTS_DIR; };
		8B0B5CD0190FA1C6007447AF /* Foundation.framework */ = {isa = PBXFileReference; lastKnownFileType = wrapper.framework; name = Foundation.framework; path = System/Library/Frameworks/Foundation.framework; sourceTree = SDKROOT; };
		8B0B5CD2190FA1C6007447AF /* CoreGraphics.framework */ = {isa = PBXFileReference; lastKnownFileType = wrapper.framework; name = CoreGraphics.framework; path = System/Library/Frameworks/CoreGraphics.framework; sourceTree = SDKROOT; };
		8B0B5CD4190FA1C6007447AF /* UIKit.framework */ = {isa = PBXFileReference; lastKnownFileType = wrapper.framework; name = UIKit.framework; path = System/Library/Frameworks/UIKit.framework; sourceTree = SDKROOT; };
		8B0B5CD8190FA1C6007447AF /* bbb-Info.plist */ = {isa = PBXFileReference; lastKnownFileType = text.plist.xml; path = "bbb-Info.plist"; sourceTree = "<group>"; };
		8B0B5CDA190FA1C6007447AF /* en */ = {isa = PBXFileReference; lastKnownFileType = text.plist.strings; name = en; path = en.lproj/InfoPlist.strings; sourceTree = "<group>"; };
		8B0B5CDC190FA1C6007447AF /* main.m */ = {isa = PBXFileReference; lastKnownFileType = sourcecode.c.objc; path = main.m; sourceTree = "<group>"; };
		8B0B5CDE190FA1C6007447AF /* bbb-Prefix.pch */ = {isa = PBXFileReference; lastKnownFileType = sourcecode.c.h; path = "bbb-Prefix.pch"; sourceTree = "<group>"; };
		8B0B5CDF190FA1C6007447AF /* AppDelegate.h */ = {isa = PBXFileReference; lastKnownFileType = sourcecode.c.h; path = AppDelegate.h; sourceTree = "<group>"; };
		8B0B5CE0190FA1C6007447AF /* AppDelegate.m */ = {isa = PBXFileReference; lastKnownFileType = sourcecode.c.objc; path = AppDelegate.m; sourceTree = "<group>"; };
		8B0B5CE2190FA1C6007447AF /* Images.xcassets */ = {isa = PBXFileReference; lastKnownFileType = folder.assetcatalog; path = Images.xcassets; sourceTree = "<group>"; };
		8B0B5CE8190FA1C6007447AF /* bbbTests.xctest */ = {isa = PBXFileReference; explicitFileType = wrapper.cfbundle; includeInIndex = 0; path = bbbTests.xctest; sourceTree = BUILT_PRODUCTS_DIR; };
		8B0B5CE9190FA1C6007447AF /* XCTest.framework */ = {isa = PBXFileReference; lastKnownFileType = wrapper.framework; name = XCTest.framework; path = Library/Frameworks/XCTest.framework; sourceTree = DEVELOPER_DIR; };
		8B0B5CF1190FA1C6007447AF /* bbbTests-Info.plist */ = {isa = PBXFileReference; lastKnownFileType = text.plist.xml; path = "bbbTests-Info.plist"; sourceTree = "<group>"; };
		8B0B5CF3190FA1C6007447AF /* en */ = {isa = PBXFileReference; lastKnownFileType = text.plist.strings; name = en; path = en.lproj/InfoPlist.strings; sourceTree = "<group>"; };
		8B0B5CF5190FA1C6007447AF /* bbbTests.m */ = {isa = PBXFileReference; lastKnownFileType = sourcecode.c.objc; path = bbbTests.m; sourceTree = "<group>"; };
		8B0B5D04190FA24D007447AF /* xxxViewController.h */ = {isa = PBXFileReference; fileEncoding = 4; lastKnownFileType = sourcecode.c.h; path = xxxViewController.h; sourceTree = "<group>"; };
		8B0B5D05190FA24D007447AF /* xxxViewController.m */ = {isa = PBXFileReference; fileEncoding = 4; lastKnownFileType = sourcecode.c.objc; path = xxxViewController.m; sourceTree = "<group>"; };
		8B0B5D07190FA28A007447AF /* xxxViewController.xib */ = {isa = PBXFileReference; fileEncoding = 4; lastKnownFileType = file.xib; path = xxxViewController.xib; sourceTree = "<group>"; };
/* End PBXFileReference section */

/* Begin PBXFrameworksBuildPhase section */
		8B0B5CCA190FA1C6007447AF /* Frameworks */ = {
			isa = PBXFrameworksBuildPhase;
			buildActionMask = 2147483647;
			files = (
				8B0B5CD3190FA1C6007447AF /* CoreGraphics.framework in Frameworks */,
				8B0B5CD5190FA1C6007447AF /* UIKit.framework in Frameworks */,
				8B0B5CD1190FA1C6007447AF /* Foundation.framework in Frameworks */,
			);
			runOnlyForDeploymentPostprocessing = 0;
		};
		8B0B5CE5190FA1C6007447AF /* Frameworks */ = {
			isa = PBXFrameworksBuildPhase;
			buildActionMask = 2147483647;
			files = (
				8B0B5CEA190FA1C6007447AF /* XCTest.framework in Frameworks */,
				8B0B5CEC190FA1C6007447AF /* UIKit.framework in Frameworks */,
				8B0B5CEB190FA1C6007447AF /* Foundation.framework in Frameworks */,
			);
			runOnlyForDeploymentPostprocessing = 0;
		};
/* End PBXFrameworksBuildPhase section */

/* Begin PBXGroup section */
		8B0B5CC4190FA1C6007447AF = {
			isa = PBXGroup;
			children = (
				8B0B5CD6190FA1C6007447AF /* bbb */,
				8B0B5CEF190FA1C6007447AF /* bbbTests */,
				8B0B5CCF190FA1C6007447AF /* Frameworks */,
				8B0B5CCE190FA1C6007447AF /* Products */,
			);
			sourceTree = "<group>";
		};
		8B0B5CCE190FA1C6007447AF /* Products */ = {
			isa = PBXGroup;
			children = (
				8B0B5CCD190FA1C6007447AF /* bbb.app */,
				8B0B5CE8190FA1C6007447AF /* bbbTests.xctest */,
			);
			name = Products;
			sourceTree = "<group>";
		};
		8B0B5CCF190FA1C6007447AF /* Frameworks */ = {
			isa = PBXGroup;
			children = (
				8B0B5CD0190FA1C6007447AF /* Foundation.framework */,
				8B0B5CD2190FA1C6007447AF /* CoreGraphics.framework */,
				8B0B5CD4190FA1C6007447AF /* UIKit.framework */,
				8B0B5CE9190FA1C6007447AF /* XCTest.framework */,
			);
			name = Frameworks;
			sourceTree = "<group>";
		};
		8B0B5CD6190FA1C6007447AF /* bbb */ = {
			isa = PBXGroup;
			children = (
				8B0B5CDF190FA1C6007447AF /* AppDelegate.h */,
				8B0B5CE0190FA1C6007447AF /* AppDelegate.m */,
				8B0B5CE2190FA1C6007447AF /* Images.xcassets */,
				8B0B5CD7190FA1C6007447AF /* Supporting Files */,
				8B0B5D04190FA24D007447AF /* xxxViewController.h */,
				8B0B5D05190FA24D007447AF /* xxxViewController.m */,
				8B0B5D07190FA28A007447AF /* xxxViewController.xib */,
			);
			path = bbb;
			sourceTree = "<group>";
		};
		8B0B5CD7190FA1C6007447AF /* Supporting Files */ = {
			isa = PBXGroup;
			children = (
				8B0B5CD8190FA1C6007447AF /* bbb-Info.plist */,
				8B0B5CD9190FA1C6007447AF /* InfoPlist.strings */,
				8B0B5CDC190FA1C6007447AF /* main.m */,
				8B0B5CDE190FA1C6007447AF /* bbb-Prefix.pch */,
			);
			name = "Supporting Files";
			sourceTree = "<group>";
		};
		8B0B5CEF190FA1C6007447AF /* bbbTests */ = {
			isa = PBXGroup;
			children = (
				8B0B5CF5190FA1C6007447AF /* bbbTests.m */,
				8B0B5CF0190FA1C6007447AF /* Supporting Files */,
			);
			path = bbbTests;
			sourceTree = "<group>";
		};
		8B0B5CF0190FA1C6007447AF /* Supporting Files */ = {
			isa = PBXGroup;
			children = (
				8B0B5CF1190FA1C6007447AF /* bbbTests-Info.plist */,
				8B0B5CF2190FA1C6007447AF /* InfoPlist.strings */,
			);
			name = "Supporting Files";
			sourceTree = "<group>";
		};
/* End PBXGroup section */

/* Begin PBXNativeTarget section */
		8B0B5CCC190FA1C6007447AF /* bbb */ = {
			isa = PBXNativeTarget;
			buildConfigurationList = 8B0B5CF9190FA1C6007447AF /* Build configuration list for PBXNativeTarget "bbb" */;
			buildPhases = (
				8B0B5CC9190FA1C6007447AF /* Sources */,
				8B0B5CCA190FA1C6007447AF /* Frameworks */,
				8B0B5CCB190FA1C6007447AF /* Resources */,
			);
			buildRules = (
			);
			dependencies = (
			);
			name = bbb;
			productName = bbb;
			productReference = 8B0B5CCD190FA1C6007447AF /* bbb.app */;
			productType = "com.apple.product-type.application";
		};
		8B0B5CE7190FA1C6007447AF /* bbbTests */ = {
			isa = PBXNativeTarget;
			buildConfigurationList = 8B0B5CFC190FA1C6007447AF /* Build configuration list for PBXNativeTarget "bbbTests" */;
			buildPhases = (
				8B0B5CE4190FA1C6007447AF /* Sources */,
				8B0B5CE5190FA1C6007447AF /* Frameworks */,
				8B0B5CE6190FA1C6007447AF /* Resources */,
			);
			buildRules = (
			);
			dependencies = (
				8B0B5CEE190FA1C6007447AF /* PBXTargetDependency */,
			);
			name = bbbTests;
			productName = bbbTests;
			productReference = 8B0B5CE8190FA1C6007447AF /* bbbTests.xctest */;
			productType = "com.apple.product-type.bundle.unit-test";
		};
/* End PBXNativeTarget section */

/* Begin PBXProject section */
		8B0B5CC5190FA1C6007447AF /* Project object */ = {
			isa = PBXProject;
			attributes = {
				LastUpgradeCheck = 0510;
				ORGANIZATIONNAME = "___FULLUSERNAME___";
				TargetAttributes = {
					8B0B5CE7190FA1C6007447AF = {
						TestTargetID = 8B0B5CCC190FA1C6007447AF;
					};
				};
			};
			buildConfigurationList = 8B0B5CC8190FA1C6007447AF /* Build configuration list for PBXProject "bbb" */;
			compatibilityVersion = "Xcode 3.2";
			developmentRegion = English;
			hasScannedForEncodings = 0;
			knownRegions = (
				en,
			);
			mainGroup = 8B0B5CC4190FA1C6007447AF;
			productRefGroup = 8B0B5CCE190FA1C6007447AF /* Products */;
			projectDirPath = "";
			projectRoot = "";
			targets = (
				8B0B5CCC190FA1C6007447AF /* bbb */,
				8B0B5CE7190FA1C6007447AF /* bbbTests */,
			);
		};
/* End PBXProject section */

/* Begin PBXResourcesBuildPhase section */
		8B0B5CCB190FA1C6007447AF /* Resources */ = {
			isa = PBXResourcesBuildPhase;
			buildActionMask = 2147483647;
			files = (
				8B0B5D08190FA28A007447AF /* xxxViewController.xib in Resources */,
				8B0B5CDB190FA1C6007447AF /* InfoPlist.strings in Resources */,
				8B0B5CE3190FA1C6007447AF /* Images.xcassets in Resources */,
			);
			runOnlyForDeploymentPostprocessing = 0;
		};
		8B0B5CE6190FA1C6007447AF /* Resources */ = {
			isa = PBXResourcesBuildPhase;
			buildActionMask = 2147483647;
			files = (
				8B0B5CF4190FA1C6007447AF /* InfoPlist.strings in Resources */,
			);
			runOnlyForDeploymentPostprocessing = 0;
		};
/* End PBXResourcesBuildPhase section */

/* Begin PBXSourcesBuildPhase section */
		8B0B5CC9190FA1C6007447AF /* Sources */ = {
			isa = PBXSourcesBuildPhase;
			buildActionMask = 2147483647;
			files = (
				8B0B5CE1190FA1C6007447AF /* AppDelegate.m in Sources */,
				8B0B5CDD190FA1C6007447AF /* main.m in Sources */,
				8B0B5D06190FA24D007447AF /* xxxViewController.m in Sources */,
			);
			runOnlyForDeploymentPostprocessing = 0;
		};
		8B0B5CE4190FA1C6007447AF /* Sources */ = {
			isa = PBXSourcesBuildPhase;
			buildActionMask = 2147483647;
			files = (
				8B0B5CF6190FA1C6007447AF /* bbbTests.m in Sources */,
			);
			runOnlyForDeploymentPostprocessing = 0;
		};
/* End PBXSourcesBuildPhase section */

/* Begin PBXTargetDependency section */
		8B0B5CEE190FA1C6007447AF /* PBXTargetDependency */ = {
			isa = PBXTargetDependency;
			target = 8B0B5CCC190FA1C6007447AF /* bbb */;
			targetProxy = 8B0B5CED190FA1C6007447AF /* PBXContainerItemProxy */;
		};
/* End PBXTargetDependency section */

/* Begin PBXVariantGroup section */
		8B0B5CD9190FA1C6007447AF /* InfoPlist.strings */ = {
			isa = PBXVariantGroup;
			children = (
				8B0B5CDA190FA1C6007447AF /* en */,
			);
			name = InfoPlist.strings;
			sourceTree = "<group>";
		};
		8B0B5CF2190FA1C6007447AF /* InfoPlist.strings */ = {
			isa = PBXVariantGroup;
			children = (
				8B0B5CF3190FA1C6007447AF /* en */,
			);
			name = InfoPlist.strings;
			sourceTree = "<group>";
		};
/* End PBXVariantGroup section */

/* Begin XCBuildConfiguration section */
		8B0B5CF7190FA1C6007447AF /* Debug */ = {
			isa = XCBuildConfiguration;
			buildSettings = {
				ALWAYS_SEARCH_USER_PATHS = NO;
				CLANG_CXX_LANGUAGE_STANDARD = "gnu++0x";
				CLANG_CXX_LIBRARY = "libc++";
				CLANG_ENABLE_MODULES = YES;
				CLANG_ENABLE_OBJC_ARC = YES;
				CLANG_WARN_BOOL_CONVERSION = YES;
				CLANG_WARN_CONSTANT_CONVERSION = YES;
				CLANG_WARN_DIRECT_OBJC_ISA_USAGE = YES_ERROR;
				CLANG_WARN_EMPTY_BODY = YES;
				CLANG_WARN_ENUM_CONVERSION = YES;
				CLANG_WARN_INT_CONVERSION = YES;
				CLANG_WARN_OBJC_ROOT_CLASS = YES_ERROR;
				CLANG_WARN__DUPLICATE_METHOD_MATCH = YES;
				"CODE_SIGN_IDENTITY[sdk=iphoneos*]" = "iPhone Developer";
				COPY_PHASE_STRIP = NO;
				GCC_C_LANGUAGE_STANDARD = gnu99;
				GCC_DYNAMIC_NO_PIC = NO;
				GCC_OPTIMIZATION_LEVEL = 0;
				GCC_PREPROCESSOR_DEFINITIONS = (
					"DEBUG=1",
					"$(inherited)",
				);
				GCC_SYMBOLS_PRIVATE_EXTERN = NO;
				GCC_WARN_64_TO_32_BIT_CONVERSION = YES;
				GCC_WARN_ABOUT_RETURN_TYPE = YES_ERROR;
				GCC_WARN_UNDECLARED_SELECTOR = YES;
				GCC_WARN_UNINITIALIZED_AUTOS = YES_AGGRESSIVE;
				GCC_WARN_UNUSED_FUNCTION = YES;
				GCC_WARN_UNUSED_VARIABLE = YES;
				IPHONEOS_DEPLOYMENT_TARGET = 7.1;
				ONLY_ACTIVE_ARCH = YES;
				SDKROOT = iphoneos;
				TARGETED_DEVICE_FAMILY = "1,2";
			};
			name = Debug;
		};
		8B0B5CF8190FA1C6007447AF /* Release */ = {
			isa = XCBuildConfiguration;
			buildSettings = {
				ALWAYS_SEARCH_USER_PATHS = NO;
				CLANG_CXX_LANGUAGE_STANDARD = "gnu++0x";
				CLANG_CXX_LIBRARY = "libc++";
				CLANG_ENABLE_MODULES = YES;
				CLANG_ENABLE_OBJC_ARC = YES;
				CLANG_WARN_BOOL_CONVERSION = YES;
				CLANG_WARN_CONSTANT_CONVERSION = YES;
				CLANG_WARN_DIRECT_OBJC_ISA_USAGE = YES_ERROR;
				CLANG_WARN_EMPTY_BODY = YES;
				CLANG_WARN_ENUM_CONVERSION = YES;
				CLANG_WARN_INT_CONVERSION = YES;
				CLANG_WARN_OBJC_ROOT_CLASS = YES_ERROR;
				CLANG_WARN__DUPLICATE_METHOD_MATCH = YES;
				"CODE_SIGN_IDENTITY[sdk=iphoneos*]" = "iPhone Developer";
				COPY_PHASE_STRIP = YES;
				ENABLE_NS_ASSERTIONS = NO;
				GCC_C_LANGUAGE_STANDARD = gnu99;
				GCC_WARN_64_TO_32_BIT_CONVERSION = YES;
				GCC_WARN_ABOUT_RETURN_TYPE = YES_ERROR;
				GCC_WARN_UNDECLARED_SELECTOR = YES;
				GCC_WARN_UNINITIALIZED_AUTOS = YES_AGGRESSIVE;
				GCC_WARN_UNUSED_FUNCTION = YES;
				GCC_WARN_UNUSED_VARIABLE = YES;
				IPHONEOS_DEPLOYMENT_TARGET = 7.1;
				SDKROOT = iphoneos;
				TARGETED_DEVICE_FAMILY = "1,2";
				VALIDATE_PRODUCT = YES;
			};
			name = Release;
		};
		8B0B5CFA190FA1C6007447AF /* Debug */ = {
			isa = XCBuildConfiguration;
			buildSettings = {
				ASSETCATALOG_COMPILER_APPICON_NAME = AppIcon;
				ASSETCATALOG_COMPILER_LAUNCHIMAGE_NAME = LaunchImage;
				GCC_PRECOMPILE_PREFIX_HEADER = YES;
				GCC_PREFIX_HEADER = "bbb/bbb-Prefix.pch";
				INFOPLIST_FILE = "bbb/bbb-Info.plist";
				PRODUCT_NAME = "$(TARGET_NAME)";
				WRAPPER_EXTENSION = app;
			};
			name = Debug;
		};
		8B0B5CFB190FA1C6007447AF /* Release */ = {
			isa = XCBuildConfiguration;
			buildSettings = {
				ASSETCATALOG_COMPILER_APPICON_NAME = AppIcon;
				ASSETCATALOG_COMPILER_LAUNCHIMAGE_NAME = LaunchImage;
				GCC_PRECOMPILE_PREFIX_HEADER = YES;
				GCC_PREFIX_HEADER = "bbb/bbb-Prefix.pch";
				INFOPLIST_FILE = "bbb/bbb-Info.plist";
				PRODUCT_NAME = "$(TARGET_NAME)";
				WRAPPER_EXTENSION = app;
			};
			name = Release;
		};
		8B0B5CFD190FA1C6007447AF /* Debug */ = {
			isa = XCBuildConfiguration;
			buildSettings = {
				BUNDLE_LOADER = "$(BUILT_PRODUCTS_DIR)/bbb.app/bbb";
				FRAMEWORK_SEARCH_PATHS = (
					"$(SDKROOT)/Developer/Library/Frameworks",
					"$(inherited)",
					"$(DEVELOPER_FRAMEWORKS_DIR)",
				);
				GCC_PRECOMPILE_PREFIX_HEADER = YES;
				GCC_PREFIX_HEADER = "bbb/bbb-Prefix.pch";
				GCC_PREPROCESSOR_DEFINITIONS = (
					"DEBUG=1",
					"$(inherited)",
				);
				INFOPLIST_FILE = "bbbTests/bbbTests-Info.plist";
				PRODUCT_NAME = "$(TARGET_NAME)";
				TEST_HOST = "$(BUNDLE_LOADER)";
				WRAPPER_EXTENSION = xctest;
			};
			name = Debug;
		};
		8B0B5CFE190FA1C6007447AF /* Release */ = {
			isa = XCBuildConfiguration;
			buildSettings = {
				BUNDLE_LOADER = "$(BUILT_PRODUCTS_DIR)/bbb.app/bbb";
				FRAMEWORK_SEARCH_PATHS = (
					"$(SDKROOT)/Developer/Library/Frameworks",
					"$(inherited)",
					"$(DEVELOPER_FRAMEWORKS_DIR)",
				);
				GCC_PRECOMPILE_PREFIX_HEADER = YES;
				GCC_PREFIX_HEADER = "bbb/bbb-Prefix.pch";
				INFOPLIST_FILE = "bbbTests/bbbTests-Info.plist";
				PRODUCT_NAME = "$(TARGET_NAME)";
				TEST_HOST = "$(BUNDLE_LOADER)";
				WRAPPER_EXTENSION = xctest;
			};
			name = Release;
		};
/* End XCBuildConfiguration section */

/* Begin XCConfigurationList section */
		8B0B5CC8190FA1C6007447AF /* Build configuration list for PBXProject "bbb" */ = {
			isa = XCConfigurationList;
			buildConfigurations = (
				8B0B5CF7190FA1C6007447AF /* Debug */,
				8B0B5CF8190FA1C6007447AF /* Release */,
			);
			defaultConfigurationIsVisible = 0;
			defaultConfigurationName = Release;
		};
		8B0B5CF9190FA1C6007447AF /* Build configuration list for PBXNativeTarget "bbb" */ = {
			isa = XCConfigurationList;
			buildConfigurations = (
				8B0B5CFA190FA1C6007447AF /* Debug */,
				8B0B5CFB190FA1C6007447AF /* Release */,
			);
			defaultConfigurationIsVisible = 0;
		};
		8B0B5CFC190FA1C6007447AF /* Build configuration list for PBXNativeTarget "bbbTests" */ = {
			isa = XCConfigurationList;
			buildConfigurations = (
				8B0B5CFD190FA1C6007447AF /* Debug */,
				8B0B5CFE190FA1C6007447AF /* Release */,
			);
			defaultConfigurationIsVisible = 0;
		};
/* End XCConfigurationList section */
	};
	rootObject = 8B0B5CC5190FA1C6007447AF /* Project object */;
}
